Microsoft Visual Studio Solution File, Format Version 12.00
# Visual Studio 14
Project("{8BC9CEB8-8B4A-11D0-8D11-00A0C91BC942}") = "ALL_BUILD", "ALL_BUILD.vcxproj", "{F2D1EF76-8D0C-30FD-A676-3281847B07CC}"
	ProjectSection(ProjectDependencies) = postProject
		{AD4C79D7-869E-3702-A9F6-F17FCE3DC645} = {AD4C79D7-869E-3702-A9F6-F17FCE3DC645}
		{6A7F9EFA-7EE7-37F2-86BF-50F2CF51F044} = {6A7F9EFA-7EE7-37F2-86BF-50F2CF51F044}
		{7F75B91F-2481-3CCE-BFAC-6A31F63D20BA} = {7F75B91F-2481-3CCE-BFAC-6A31F63D20BA}
		{5D35484C-8761-3355-A915-690480A665E5} = {5D35484C-8761-3355-A915-690480A665E5}
		{BA43A390-ADDD-3576-9FA5-C20AAE11E17B} = {BA43A390-ADDD-3576-9FA5-C20AAE11E17B}
		{C23FA085-5E23-3C81-860D-79934CB87F99} = {C23FA085-5E23-3C81-860D-79934CB87F99}
	EndProjectSection
EndProject
Project("{8BC9CEB8-8B4A-11D0-8D11-00A0C91BC942}") = "ZERO_CHECK", "ZERO_CHECK.vcxproj", "{AD4C79D7-869E-3702-A9F6-F17FCE3DC645}"
	ProjectSection(ProjectDependencies) = postProject
	EndProjectSection
EndProject
Project("{8BC9CEB8-8B4A-11D0-8D11-00A0C91BC942}") = "findscu", "findscu.vcxproj", "{6A7F9EFA-7EE7-37F2-86BF-50F2CF51F044}"
	ProjectSection(ProjectDependencies) = postProject
		{AD4C79D7-869E-3702-A9F6-F17FCE3DC645} = {AD4C79D7-869E-3702-A9F6-F17FCE3DC645}
		{7F75B91F-2481-3CCE-BFAC-6A31F63D20BA} = {7F75B91F-2481-3CCE-BFAC-6A31F63D20BA}
	EndProjectSection
EndProject
Project("{8BC9CEB8-8B4A-11D0-8D11-00A0C91BC942}") = "imebra", "imebra.vcxproj", "{7F75B91F-2481-3CCE-BFAC-6A31F63D20BA}"
	ProjectSection(ProjectDependencies) = postProject
		{AD4C79D7-869E-3702-A9F6-F17FCE3DC645} = {AD4C79D7-869E-3702-A9F6-F17FCE3DC645}
	EndProjectSection
EndProject
Project("{8BC9CEB8-8B4A-11D0-8D11-00A0C91BC942}") = "movescu", "movescu.vcxproj", "{5D35484C-8761-3355-A915-690480A665E5}"
	ProjectSection(ProjectDependencies) = postProject
		{AD4C79D7-869E-3702-A9F6-F17FCE3DC645} = {AD4C79D7-869E-3702-A9F6-F17FCE3DC645}
		{7F75B91F-2481-3CCE-BFAC-6A31F63D20BA} = {7F75B91F-2481-3CCE-BFAC-6A31F63D20BA}
	EndProjectSection
EndProject
Project("{8BC9CEB8-8B4A-11D0-8D11-00A0C91BC942}") = "storescp", "storescp.vcxproj", "{BA43A390-ADDD-3576-9FA5-C20AAE11E17B}"
	ProjectSection(ProjectDependencies) = postProject
		{AD4C79D7-869E-3702-A9F6-F17FCE3DC645} = {AD4C79D7-869E-3702-A9F6-F17FCE3DC645}
		{7F75B91F-2481-3CCE-BFAC-6A31F63D20BA} = {7F75B91F-2481-3CCE-BFAC-6A31F63D20BA}
	EndProjectSection
EndProject
Project("{8BC9CEB8-8B4A-11D0-8D11-00A0C91BC942}") = "storescu", "storescu.vcxproj", "{C23FA085-5E23-3C81-860D-79934CB87F99}"
	ProjectSection(ProjectDependencies) = postProject
		{AD4C79D7-869E-3702-A9F6-F17FCE3DC645} = {AD4C79D7-869E-3702-A9F6-F17FCE3DC645}
		{7F75B91F-2481-3CCE-BFAC-6A31F63D20BA} = {7F75B91F-2481-3CCE-BFAC-6A31F63D20BA}
	EndProjectSection
EndProject
Global
	GlobalSection(SolutionConfigurationPlatforms) = preSolution
		Debug|Win32 = Debug|Win32
		Release|Win32 = Release|Win32
	EndGlobalSection
	GlobalSection(ProjectConfigurationPlatforms) = postSolution
		{F2D1EF76-8D0C-30FD-A676-3281847B07CC}.Debug|Win32.ActiveCfg = Debug|Win32
		{F2D1EF76-8D0C-30FD-A676-3281847B07CC}.Release|Win32.ActiveCfg = Release|Win32
		{AD4C79D7-869E-3702-A9F6-F17FCE3DC645}.Debug|Win32.ActiveCfg = Debug|Win32
		{AD4C79D7-869E-3702-A9F6-F17FCE3DC645}.Debug|Win32.Build.0 = Debug|Win32
		{AD4C79D7-869E-3702-A9F6-F17FCE3DC645}.Release|Win32.ActiveCfg = Release|Win32
		{AD4C79D7-869E-3702-A9F6-F17FCE3DC645}.Release|Win32.Build.0 = Release|Win32
		{6A7F9EFA-7EE7-37F2-86BF-50F2CF51F044}.Debug|Win32.ActiveCfg = Debug|Win32
		{6A7F9EFA-7EE7-37F2-86BF-50F2CF51F044}.Debug|Win32.Build.0 = Debug|Win32
		{6A7F9EFA-7EE7-37F2-86BF-50F2CF51F044}.Release|Win32.ActiveCfg = Release|Win32
		{6A7F9EFA-7EE7-37F2-86BF-50F2CF51F044}.Release|Win32.Build.0 = Release|Win32
		{7F75B91F-2481-3CCE-BFAC-6A31F63D20BA}.Debug|Win32.ActiveCfg = Debug|Win32
		{7F75B91F-2481-3CCE-BFAC-6A31F63D20BA}.Debug|Win32.Build.0 = Debug|Win32
		{7F75B91F-2481-3CCE-BFAC-6A31F63D20BA}.Release|Win32.ActiveCfg = Release|Win32
		{7F75B91F-2481-3CCE-BFAC-6A31F63D20BA}.Release|Win32.Build.0 = Release|Win32
		{5D35484C-8761-3355-A915-690480A665E5}.Debug|Win32.ActiveCfg = Debug|Win32
		{5D35484C-8761-3355-A915-690480A665E5}.Debug|Win32.Build.0 = Debug|Win32
		{5D35484C-8761-3355-A915-690480A665E5}.Release|Win32.ActiveCfg = Release|Win32
		{5D35484C-8761-3355-A915-690480A665E5}.Release|Win32.Build.0 = Release|Win32
		{BA43A390-ADDD-3576-9FA5-C20AAE11E17B}.Debug|Win32.ActiveCfg = Debug|Win32
		{BA43A390-ADDD-3576-9FA5-C20AAE11E17B}.Debug|Win32.Build.0 = Debug|Win32
		{BA43A390-ADDD-3576-9FA5-C20AAE11E17B}.Release|Win32.ActiveCfg = Release|Win32
		{BA43A390-ADDD-3576-9FA5-C20AAE11E17B}.Release|Win32.Build.0 = Release|Win32
		{C23FA085-5E23-3C81-860D-79934CB87F99}.Debug|Win32.ActiveCfg = Debug|Win32
		{C23FA085-5E23-3C81-860D-79934CB87F99}.Debug|Win32.Build.0 = Debug|Win32
		{C23FA085-5E23-3C81-860D-79934CB87F99}.Release|Win32.ActiveCfg = Release|Win32
		{C23FA085-5E23-3C81-860D-79934CB87F99}.Release|Win32.Build.0 = Release|Win32
	EndGlobalSection
	GlobalSection(ExtensibilityGlobals) = postSolution
		SolutionGuid = {AF245152-5685-34B2-BD3A-CBC293C092C1}
	EndGlobalSection
	GlobalSection(ExtensibilityAddIns) = postSolution
	EndGlobalSection
EndGlobal
