<?xml version="1.0" encoding="utf-8"?>
<Project ToolsVersion="14.0" xmlns="http://schemas.microsoft.com/developer/msbuild/2003">
  <ItemGroup>
    <ClCompile Include="C:\Users\root\source\repos\imebra_simple\examples\c++\movescu\movescu.cpp">
      <Filter>Source Files</Filter>
    </ClCompile>
  </ItemGroup>
  <ItemGroup>
    <CustomBuild Include="C:\Users\root\source\repos\imebra_simple\CMakeLists.txt" />
  </ItemGroup>
  <ItemGroup>
    <Filter Include="Source Files">
      <UniqueIdentifier>{A6DC2389-AAF6-3553-86DF-E197182A2C03}</UniqueIdentifier>
    </Filter>
  </ItemGroup>
</Project>
