<?xml version="1.0" encoding="utf-8"?>
<Project ToolsVersion="14.0" xmlns="http://schemas.microsoft.com/developer/msbuild/2003">
  <ItemGroup>
    <CustomBuild Include="E:\PACS\graduation_project\artifacts\CMakeFiles\ef9dc2efe69ed42b9321ef1f827eceb5\generate.stamp.rule">
      <Filter>CMake Rules</Filter>
    </CustomBuild>
  </ItemGroup>
  <ItemGroup>
    <Filter Include="CMake Rules">
      <UniqueIdentifier>{AA76AF9B-CD5C-30F1-B87C-22FFF0E2BACA}</UniqueIdentifier>
    </Filter>
  </ItemGroup>
</Project>
